
Microsoft Visual Studio Solution File, Format Version 12.00
# Visual Studio 2012
Project("{FAE04EC0-301F-11D3-BF4B-00C04F79EFBC}") = "D3 API by ZTn", "D3 API by ZTn\D3 API by ZTn.csproj", "{A62CFAEA-60E1-4586-B306-7D606E6AA4D2}"
EndProject
Project("{FAE04EC0-301F-11D3-BF4B-00C04F79EFBC}") = "BNet API by ZTn", "BNet API by ZTn\BNet API by ZTn.csproj", "{865B78CA-5EE6-4580-A5DE-E74F0303F70B}"
EndProject
Project("{FAE04EC0-301F-11D3-BF4B-00C04F79EFBC}") = "D3 API example", "D3 API example\D3 API example.csproj", "{4695E039-C388-48CF-89EC-6DF9515E2E16}"
EndProject
Project("{FAE04EC0-301F-11D3-BF4B-00C04F79EFBC}") = "D3 Profile Explorer by ZTn", "D3 Profile Explorer by ZTn\D3 Profile Explorer by ZTn.csproj", "{1C01AD43-C924-4085-9A08-CFB19BAD8DB7}"
EndProject
Project("{FAE04EC0-301F-11D3-BF4B-00C04F79EFBC}") = "D3 Calculator Library by ZTn", "D3 Calculator Library by ZTn\D3 Calculator Library by ZTn.csproj", "{F6E135DD-87C5-49C1-A560-07C2653B69A2}"
EndProject
Global
	GlobalSection(SolutionConfigurationPlatforms) = preSolution
		Debug|Any CPU = Debug|Any CPU
		Release|Any CPU = Release|Any CPU
	EndGlobalSection
	GlobalSection(ProjectConfigurationPlatforms) = postSolution
		{A62CFAEA-60E1-4586-B306-7D606E6AA4D2}.Debug|Any CPU.ActiveCfg = Debug|Any CPU
		{A62CFAEA-60E1-4586-B306-7D606E6AA4D2}.Debug|Any CPU.Build.0 = Debug|Any CPU
		{A62CFAEA-60E1-4586-B306-7D606E6AA4D2}.Release|Any CPU.ActiveCfg = Release|Any CPU
		{A62CFAEA-60E1-4586-B306-7D606E6AA4D2}.Release|Any CPU.Build.0 = Release|Any CPU
		{865B78CA-5EE6-4580-A5DE-E74F0303F70B}.Debug|Any CPU.ActiveCfg = Debug|Any CPU
		{865B78CA-5EE6-4580-A5DE-E74F0303F70B}.Debug|Any CPU.Build.0 = Debug|Any CPU
		{865B78CA-5EE6-4580-A5DE-E74F0303F70B}.Release|Any CPU.ActiveCfg = Release|Any CPU
		{865B78CA-5EE6-4580-A5DE-E74F0303F70B}.Release|Any CPU.Build.0 = Release|Any CPU
		{4695E039-C388-48CF-89EC-6DF9515E2E16}.Debug|Any CPU.ActiveCfg = Debug|Any CPU
		{4695E039-C388-48CF-89EC-6DF9515E2E16}.Debug|Any CPU.Build.0 = Debug|Any CPU
		{4695E039-C388-48CF-89EC-6DF9515E2E16}.Release|Any CPU.ActiveCfg = Release|Any CPU
		{4695E039-C388-48CF-89EC-6DF9515E2E16}.Release|Any CPU.Build.0 = Release|Any CPU
		{1C01AD43-C924-4085-9A08-CFB19BAD8DB7}.Debug|Any CPU.ActiveCfg = Debug|Any CPU
		{1C01AD43-C924-4085-9A08-CFB19BAD8DB7}.Debug|Any CPU.Build.0 = Debug|Any CPU
		{1C01AD43-C924-4085-9A08-CFB19BAD8DB7}.Release|Any CPU.ActiveCfg = Release|Any CPU
		{1C01AD43-C924-4085-9A08-CFB19BAD8DB7}.Release|Any CPU.Build.0 = Release|Any CPU
		{F6E135DD-87C5-49C1-A560-07C2653B69A2}.Debug|Any CPU.ActiveCfg = Debug|Any CPU
		{F6E135DD-87C5-49C1-A560-07C2653B69A2}.Debug|Any CPU.Build.0 = Debug|Any CPU
		{F6E135DD-87C5-49C1-A560-07C2653B69A2}.Release|Any CPU.ActiveCfg = Release|Any CPU
		{F6E135DD-87C5-49C1-A560-07C2653B69A2}.Release|Any CPU.Build.0 = Release|Any CPU
	EndGlobalSection
	GlobalSection(SolutionProperties) = preSolution
		HideSolutionNode = FALSE
	EndGlobalSection
	GlobalSection(Performance) = preSolution
		HasPerformanceSessions = true
	EndGlobalSection
EndGlobal
