
Microsoft Visual Studio Solution File, Format Version 12.00
# Visual Studio 15
VisualStudioVersion = 15.0.26430.15
MinimumVisualStudioVersion = 10.0.40219.1
Project("{FAE04EC0-301F-11D3-BF4B-00C04F79EFBC}") = "D3 API example", "D3 API example\D3 API example.csproj", "{4695E039-C388-48CF-89EC-6DF9515E2E16}"
EndProject
Project("{9A19103F-16F7-4668-BE54-9A1E7A4F7556}") = "BNet API by ZTn", "BNet API by ZTn\BNet API by ZTn.csproj", "{DA274160-7440-4F6B-B5E6-906B7115D49B}"
EndProject
Project("{9A19103F-16F7-4668-BE54-9A1E7A4F7556}") = "D3 API by ZTn", "D3 API by ZTn\D3 API by ZTn.csproj", "{1EA51BFB-96BE-4E12-8DAB-0546AEB15674}"
EndProject
Project("{9A19103F-16F7-4668-BE54-9A1E7A4F7556}") = "PCL Adapter", "PCL Adapter\PCL Adapter.csproj", "{22DE4D3A-231F-40DF-AF26-976E5FD9B31F}"
EndProject
Project("{FAE04EC0-301F-11D3-BF4B-00C04F79EFBC}") = "PCL Adapter for Windows", "PCL Adapter for Windows\PCL Adapter for Windows.csproj", "{C097A16B-03D4-4AD0-ADFA-D35E3B9575F2}"
EndProject
Project("{9A19103F-16F7-4668-BE54-9A1E7A4F7556}") = "D3 Calculator Library by ZTn", "D3 Calculator Library by ZTn\D3 Calculator Library by ZTn.csproj", "{78516CE1-496F-4591-AD69-3164694D4555}"
EndProject
Project("{FAE04EC0-301F-11D3-BF4B-00C04F79EFBC}") = "BNet API by ZTn Unit Tests", "BNet API by ZTn Unit Tests\BNet API by ZTn Unit Tests.csproj", "{28A0939F-269F-451B-93E5-E938FBB9B11A}"
EndProject
Project("{FAE04EC0-301F-11D3-BF4B-00C04F79EFBC}") = "D3 API by ZTn Unit Tests", "D3 API by ZTn Unit Tests\D3 API by ZTn Unit Tests.csproj", "{725895DE-B6EA-4C91-ADE3-26795C6BF04E}"
EndProject
Project("{FAE04EC0-301F-11D3-BF4B-00C04F79EFBC}") = "D3 Calculator Library by ZTn Unit Tests", "D3 Calculator Library by ZTn Unit Tests\D3 Calculator Library by ZTn Unit Tests.csproj", "{D832893E-F2F2-4A28-8EFB-E881D141EA7D}"
EndProject
Project("{2150E333-8FDC-42A3-9474-1A3956D46DE8}") = "Unit Tests", "Unit Tests", "{18DEF7F0-5FE6-4013-8856-3EC21B48DFA8}"
EndProject
Project("{FAE04EC0-301F-11D3-BF4B-00C04F79EFBC}") = "D3 Profile Explorer by ZTn", "D3 Profile Explorer by ZTn\D3 Profile Explorer by ZTn.csproj", "{1C01AD43-C924-4085-9A08-CFB19BAD8DB7}"
EndProject
Project("{9A19103F-16F7-4668-BE54-9A1E7A4F7556}") = "PCL Adapter Common", "PCL Adapter Common\PCL Adapter Common.csproj", "{CEDCFE29-ACFF-44B0-BB96-94290BB65B2E}"
EndProject
Global
	GlobalSection(SolutionConfigurationPlatforms) = preSolution
		Debug|Any CPU = Debug|Any CPU
		Debug|ARM = Debug|ARM
		Debug|x64 = Debug|x64
		Debug|x86 = Debug|x86
		Release|Any CPU = Release|Any CPU
		Release|ARM = Release|ARM
		Release|x64 = Release|x64
		Release|x86 = Release|x86
	EndGlobalSection
	GlobalSection(ProjectConfigurationPlatforms) = postSolution
		{4695E039-C388-48CF-89EC-6DF9515E2E16}.Debug|Any CPU.ActiveCfg = Debug|Any CPU
		{4695E039-C388-48CF-89EC-6DF9515E2E16}.Debug|Any CPU.Build.0 = Debug|Any CPU
		{4695E039-C388-48CF-89EC-6DF9515E2E16}.Debug|ARM.ActiveCfg = Debug|Any CPU
		{4695E039-C388-48CF-89EC-6DF9515E2E16}.Debug|ARM.Build.0 = Debug|Any CPU
		{4695E039-C388-48CF-89EC-6DF9515E2E16}.Debug|x64.ActiveCfg = Debug|Any CPU
		{4695E039-C388-48CF-89EC-6DF9515E2E16}.Debug|x64.Build.0 = Debug|Any CPU
		{4695E039-C388-48CF-89EC-6DF9515E2E16}.Debug|x86.ActiveCfg = Debug|Any CPU
		{4695E039-C388-48CF-89EC-6DF9515E2E16}.Debug|x86.Build.0 = Debug|Any CPU
		{4695E039-C388-48CF-89EC-6DF9515E2E16}.Release|Any CPU.ActiveCfg = Release|Any CPU
		{4695E039-C388-48CF-89EC-6DF9515E2E16}.Release|Any CPU.Build.0 = Release|Any CPU
		{4695E039-C388-48CF-89EC-6DF9515E2E16}.Release|ARM.ActiveCfg = Release|Any CPU
		{4695E039-C388-48CF-89EC-6DF9515E2E16}.Release|ARM.Build.0 = Release|Any CPU
		{4695E039-C388-48CF-89EC-6DF9515E2E16}.Release|x64.ActiveCfg = Release|Any CPU
		{4695E039-C388-48CF-89EC-6DF9515E2E16}.Release|x64.Build.0 = Release|Any CPU
		{4695E039-C388-48CF-89EC-6DF9515E2E16}.Release|x86.ActiveCfg = Release|Any CPU
		{4695E039-C388-48CF-89EC-6DF9515E2E16}.Release|x86.Build.0 = Release|Any CPU
		{DA274160-7440-4F6B-B5E6-906B7115D49B}.Debug|Any CPU.ActiveCfg = Debug|Any CPU
		{DA274160-7440-4F6B-B5E6-906B7115D49B}.Debug|Any CPU.Build.0 = Debug|Any CPU
		{DA274160-7440-4F6B-B5E6-906B7115D49B}.Debug|ARM.ActiveCfg = Debug|Any CPU
		{DA274160-7440-4F6B-B5E6-906B7115D49B}.Debug|ARM.Build.0 = Debug|Any CPU
		{DA274160-7440-4F6B-B5E6-906B7115D49B}.Debug|x64.ActiveCfg = Debug|Any CPU
		{DA274160-7440-4F6B-B5E6-906B7115D49B}.Debug|x64.Build.0 = Debug|Any CPU
		{DA274160-7440-4F6B-B5E6-906B7115D49B}.Debug|x86.ActiveCfg = Debug|Any CPU
		{DA274160-7440-4F6B-B5E6-906B7115D49B}.Debug|x86.Build.0 = Debug|Any CPU
		{DA274160-7440-4F6B-B5E6-906B7115D49B}.Release|Any CPU.ActiveCfg = Release|Any CPU
		{DA274160-7440-4F6B-B5E6-906B7115D49B}.Release|Any CPU.Build.0 = Release|Any CPU
		{DA274160-7440-4F6B-B5E6-906B7115D49B}.Release|ARM.ActiveCfg = Release|Any CPU
		{DA274160-7440-4F6B-B5E6-906B7115D49B}.Release|ARM.Build.0 = Release|Any CPU
		{DA274160-7440-4F6B-B5E6-906B7115D49B}.Release|x64.ActiveCfg = Release|Any CPU
		{DA274160-7440-4F6B-B5E6-906B7115D49B}.Release|x64.Build.0 = Release|Any CPU
		{DA274160-7440-4F6B-B5E6-906B7115D49B}.Release|x86.ActiveCfg = Release|Any CPU
		{DA274160-7440-4F6B-B5E6-906B7115D49B}.Release|x86.Build.0 = Release|Any CPU
		{1EA51BFB-96BE-4E12-8DAB-0546AEB15674}.Debug|Any CPU.ActiveCfg = Debug|Any CPU
		{1EA51BFB-96BE-4E12-8DAB-0546AEB15674}.Debug|Any CPU.Build.0 = Debug|Any CPU
		{1EA51BFB-96BE-4E12-8DAB-0546AEB15674}.Debug|ARM.ActiveCfg = Debug|Any CPU
		{1EA51BFB-96BE-4E12-8DAB-0546AEB15674}.Debug|ARM.Build.0 = Debug|Any CPU
		{1EA51BFB-96BE-4E12-8DAB-0546AEB15674}.Debug|x64.ActiveCfg = Debug|Any CPU
		{1EA51BFB-96BE-4E12-8DAB-0546AEB15674}.Debug|x64.Build.0 = Debug|Any CPU
		{1EA51BFB-96BE-4E12-8DAB-0546AEB15674}.Debug|x86.ActiveCfg = Debug|Any CPU
		{1EA51BFB-96BE-4E12-8DAB-0546AEB15674}.Debug|x86.Build.0 = Debug|Any CPU
		{1EA51BFB-96BE-4E12-8DAB-0546AEB15674}.Release|Any CPU.ActiveCfg = Release|Any CPU
		{1EA51BFB-96BE-4E12-8DAB-0546AEB15674}.Release|Any CPU.Build.0 = Release|Any CPU
		{1EA51BFB-96BE-4E12-8DAB-0546AEB15674}.Release|ARM.ActiveCfg = Release|Any CPU
		{1EA51BFB-96BE-4E12-8DAB-0546AEB15674}.Release|ARM.Build.0 = Release|Any CPU
		{1EA51BFB-96BE-4E12-8DAB-0546AEB15674}.Release|x64.ActiveCfg = Release|Any CPU
		{1EA51BFB-96BE-4E12-8DAB-0546AEB15674}.Release|x64.Build.0 = Release|Any CPU
		{1EA51BFB-96BE-4E12-8DAB-0546AEB15674}.Release|x86.ActiveCfg = Release|Any CPU
		{1EA51BFB-96BE-4E12-8DAB-0546AEB15674}.Release|x86.Build.0 = Release|Any CPU
		{22DE4D3A-231F-40DF-AF26-976E5FD9B31F}.Debug|Any CPU.ActiveCfg = Debug|Any CPU
		{22DE4D3A-231F-40DF-AF26-976E5FD9B31F}.Debug|Any CPU.Build.0 = Debug|Any CPU
		{22DE4D3A-231F-40DF-AF26-976E5FD9B31F}.Debug|ARM.ActiveCfg = Debug|Any CPU
		{22DE4D3A-231F-40DF-AF26-976E5FD9B31F}.Debug|ARM.Build.0 = Debug|Any CPU
		{22DE4D3A-231F-40DF-AF26-976E5FD9B31F}.Debug|x64.ActiveCfg = Debug|Any CPU
		{22DE4D3A-231F-40DF-AF26-976E5FD9B31F}.Debug|x64.Build.0 = Debug|Any CPU
		{22DE4D3A-231F-40DF-AF26-976E5FD9B31F}.Debug|x86.ActiveCfg = Debug|Any CPU
		{22DE4D3A-231F-40DF-AF26-976E5FD9B31F}.Debug|x86.Build.0 = Debug|Any CPU
		{22DE4D3A-231F-40DF-AF26-976E5FD9B31F}.Release|Any CPU.ActiveCfg = Release|Any CPU
		{22DE4D3A-231F-40DF-AF26-976E5FD9B31F}.Release|Any CPU.Build.0 = Release|Any CPU
		{22DE4D3A-231F-40DF-AF26-976E5FD9B31F}.Release|ARM.ActiveCfg = Release|Any CPU
		{22DE4D3A-231F-40DF-AF26-976E5FD9B31F}.Release|ARM.Build.0 = Release|Any CPU
		{22DE4D3A-231F-40DF-AF26-976E5FD9B31F}.Release|x64.ActiveCfg = Release|Any CPU
		{22DE4D3A-231F-40DF-AF26-976E5FD9B31F}.Release|x64.Build.0 = Release|Any CPU
		{22DE4D3A-231F-40DF-AF26-976E5FD9B31F}.Release|x86.ActiveCfg = Release|Any CPU
		{22DE4D3A-231F-40DF-AF26-976E5FD9B31F}.Release|x86.Build.0 = Release|Any CPU
		{C097A16B-03D4-4AD0-ADFA-D35E3B9575F2}.Debug|Any CPU.ActiveCfg = Debug|Any CPU
		{C097A16B-03D4-4AD0-ADFA-D35E3B9575F2}.Debug|Any CPU.Build.0 = Debug|Any CPU
		{C097A16B-03D4-4AD0-ADFA-D35E3B9575F2}.Debug|ARM.ActiveCfg = Debug|Any CPU
		{C097A16B-03D4-4AD0-ADFA-D35E3B9575F2}.Debug|ARM.Build.0 = Debug|Any CPU
		{C097A16B-03D4-4AD0-ADFA-D35E3B9575F2}.Debug|x64.ActiveCfg = Debug|Any CPU
		{C097A16B-03D4-4AD0-ADFA-D35E3B9575F2}.Debug|x64.Build.0 = Debug|Any CPU
		{C097A16B-03D4-4AD0-ADFA-D35E3B9575F2}.Debug|x86.ActiveCfg = Debug|Any CPU
		{C097A16B-03D4-4AD0-ADFA-D35E3B9575F2}.Debug|x86.Build.0 = Debug|Any CPU
		{C097A16B-03D4-4AD0-ADFA-D35E3B9575F2}.Release|Any CPU.ActiveCfg = Release|Any CPU
		{C097A16B-03D4-4AD0-ADFA-D35E3B9575F2}.Release|Any CPU.Build.0 = Release|Any CPU
		{C097A16B-03D4-4AD0-ADFA-D35E3B9575F2}.Release|ARM.ActiveCfg = Release|Any CPU
		{C097A16B-03D4-4AD0-ADFA-D35E3B9575F2}.Release|ARM.Build.0 = Release|Any CPU
		{C097A16B-03D4-4AD0-ADFA-D35E3B9575F2}.Release|x64.ActiveCfg = Release|Any CPU
		{C097A16B-03D4-4AD0-ADFA-D35E3B9575F2}.Release|x64.Build.0 = Release|Any CPU
		{C097A16B-03D4-4AD0-ADFA-D35E3B9575F2}.Release|x86.ActiveCfg = Release|Any CPU
		{C097A16B-03D4-4AD0-ADFA-D35E3B9575F2}.Release|x86.Build.0 = Release|Any CPU
		{78516CE1-496F-4591-AD69-3164694D4555}.Debug|Any CPU.ActiveCfg = Debug|Any CPU
		{78516CE1-496F-4591-AD69-3164694D4555}.Debug|Any CPU.Build.0 = Debug|Any CPU
		{78516CE1-496F-4591-AD69-3164694D4555}.Debug|ARM.ActiveCfg = Debug|Any CPU
		{78516CE1-496F-4591-AD69-3164694D4555}.Debug|ARM.Build.0 = Debug|Any CPU
		{78516CE1-496F-4591-AD69-3164694D4555}.Debug|x64.ActiveCfg = Debug|Any CPU
		{78516CE1-496F-4591-AD69-3164694D4555}.Debug|x64.Build.0 = Debug|Any CPU
		{78516CE1-496F-4591-AD69-3164694D4555}.Debug|x86.ActiveCfg = Debug|Any CPU
		{78516CE1-496F-4591-AD69-3164694D4555}.Debug|x86.Build.0 = Debug|Any CPU
		{78516CE1-496F-4591-AD69-3164694D4555}.Release|Any CPU.ActiveCfg = Release|Any CPU
		{78516CE1-496F-4591-AD69-3164694D4555}.Release|Any CPU.Build.0 = Release|Any CPU
		{78516CE1-496F-4591-AD69-3164694D4555}.Release|ARM.ActiveCfg = Release|Any CPU
		{78516CE1-496F-4591-AD69-3164694D4555}.Release|ARM.Build.0 = Release|Any CPU
		{78516CE1-496F-4591-AD69-3164694D4555}.Release|x64.ActiveCfg = Release|Any CPU
		{78516CE1-496F-4591-AD69-3164694D4555}.Release|x64.Build.0 = Release|Any CPU
		{78516CE1-496F-4591-AD69-3164694D4555}.Release|x86.ActiveCfg = Release|Any CPU
		{78516CE1-496F-4591-AD69-3164694D4555}.Release|x86.Build.0 = Release|Any CPU
		{28A0939F-269F-451B-93E5-E938FBB9B11A}.Debug|Any CPU.ActiveCfg = Debug|Any CPU
		{28A0939F-269F-451B-93E5-E938FBB9B11A}.Debug|Any CPU.Build.0 = Debug|Any CPU
		{28A0939F-269F-451B-93E5-E938FBB9B11A}.Debug|ARM.ActiveCfg = Debug|Any CPU
		{28A0939F-269F-451B-93E5-E938FBB9B11A}.Debug|ARM.Build.0 = Debug|Any CPU
		{28A0939F-269F-451B-93E5-E938FBB9B11A}.Debug|x64.ActiveCfg = Debug|Any CPU
		{28A0939F-269F-451B-93E5-E938FBB9B11A}.Debug|x64.Build.0 = Debug|Any CPU
		{28A0939F-269F-451B-93E5-E938FBB9B11A}.Debug|x86.ActiveCfg = Debug|Any CPU
		{28A0939F-269F-451B-93E5-E938FBB9B11A}.Debug|x86.Build.0 = Debug|Any CPU
		{28A0939F-269F-451B-93E5-E938FBB9B11A}.Release|Any CPU.ActiveCfg = Release|Any CPU
		{28A0939F-269F-451B-93E5-E938FBB9B11A}.Release|Any CPU.Build.0 = Release|Any CPU
		{28A0939F-269F-451B-93E5-E938FBB9B11A}.Release|ARM.ActiveCfg = Release|Any CPU
		{28A0939F-269F-451B-93E5-E938FBB9B11A}.Release|ARM.Build.0 = Release|Any CPU
		{28A0939F-269F-451B-93E5-E938FBB9B11A}.Release|x64.ActiveCfg = Release|Any CPU
		{28A0939F-269F-451B-93E5-E938FBB9B11A}.Release|x64.Build.0 = Release|Any CPU
		{28A0939F-269F-451B-93E5-E938FBB9B11A}.Release|x86.ActiveCfg = Release|Any CPU
		{28A0939F-269F-451B-93E5-E938FBB9B11A}.Release|x86.Build.0 = Release|Any CPU
		{725895DE-B6EA-4C91-ADE3-26795C6BF04E}.Debug|Any CPU.ActiveCfg = Debug|Any CPU
		{725895DE-B6EA-4C91-ADE3-26795C6BF04E}.Debug|Any CPU.Build.0 = Debug|Any CPU
		{725895DE-B6EA-4C91-ADE3-26795C6BF04E}.Debug|ARM.ActiveCfg = Debug|Any CPU
		{725895DE-B6EA-4C91-ADE3-26795C6BF04E}.Debug|ARM.Build.0 = Debug|Any CPU
		{725895DE-B6EA-4C91-ADE3-26795C6BF04E}.Debug|x64.ActiveCfg = Debug|Any CPU
		{725895DE-B6EA-4C91-ADE3-26795C6BF04E}.Debug|x64.Build.0 = Debug|Any CPU
		{725895DE-B6EA-4C91-ADE3-26795C6BF04E}.Debug|x86.ActiveCfg = Debug|Any CPU
		{725895DE-B6EA-4C91-ADE3-26795C6BF04E}.Debug|x86.Build.0 = Debug|Any CPU
		{725895DE-B6EA-4C91-ADE3-26795C6BF04E}.Release|Any CPU.ActiveCfg = Release|Any CPU
		{725895DE-B6EA-4C91-ADE3-26795C6BF04E}.Release|Any CPU.Build.0 = Release|Any CPU
		{725895DE-B6EA-4C91-ADE3-26795C6BF04E}.Release|ARM.ActiveCfg = Release|Any CPU
		{725895DE-B6EA-4C91-ADE3-26795C6BF04E}.Release|ARM.Build.0 = Release|Any CPU
		{725895DE-B6EA-4C91-ADE3-26795C6BF04E}.Release|x64.ActiveCfg = Release|Any CPU
		{725895DE-B6EA-4C91-ADE3-26795C6BF04E}.Release|x64.Build.0 = Release|Any CPU
		{725895DE-B6EA-4C91-ADE3-26795C6BF04E}.Release|x86.ActiveCfg = Release|Any CPU
		{725895DE-B6EA-4C91-ADE3-26795C6BF04E}.Release|x86.Build.0 = Release|Any CPU
		{D832893E-F2F2-4A28-8EFB-E881D141EA7D}.Debug|Any CPU.ActiveCfg = Debug|Any CPU
		{D832893E-F2F2-4A28-8EFB-E881D141EA7D}.Debug|Any CPU.Build.0 = Debug|Any CPU
		{D832893E-F2F2-4A28-8EFB-E881D141EA7D}.Debug|ARM.ActiveCfg = Debug|Any CPU
		{D832893E-F2F2-4A28-8EFB-E881D141EA7D}.Debug|ARM.Build.0 = Debug|Any CPU
		{D832893E-F2F2-4A28-8EFB-E881D141EA7D}.Debug|x64.ActiveCfg = Debug|Any CPU
		{D832893E-F2F2-4A28-8EFB-E881D141EA7D}.Debug|x64.Build.0 = Debug|Any CPU
		{D832893E-F2F2-4A28-8EFB-E881D141EA7D}.Debug|x86.ActiveCfg = Debug|Any CPU
		{D832893E-F2F2-4A28-8EFB-E881D141EA7D}.Debug|x86.Build.0 = Debug|Any CPU
		{D832893E-F2F2-4A28-8EFB-E881D141EA7D}.Release|Any CPU.ActiveCfg = Release|Any CPU
		{D832893E-F2F2-4A28-8EFB-E881D141EA7D}.Release|Any CPU.Build.0 = Release|Any CPU
		{D832893E-F2F2-4A28-8EFB-E881D141EA7D}.Release|ARM.ActiveCfg = Release|Any CPU
		{D832893E-F2F2-4A28-8EFB-E881D141EA7D}.Release|ARM.Build.0 = Release|Any CPU
		{D832893E-F2F2-4A28-8EFB-E881D141EA7D}.Release|x64.ActiveCfg = Release|Any CPU
		{D832893E-F2F2-4A28-8EFB-E881D141EA7D}.Release|x64.Build.0 = Release|Any CPU
		{D832893E-F2F2-4A28-8EFB-E881D141EA7D}.Release|x86.ActiveCfg = Release|Any CPU
		{D832893E-F2F2-4A28-8EFB-E881D141EA7D}.Release|x86.Build.0 = Release|Any CPU
		{1C01AD43-C924-4085-9A08-CFB19BAD8DB7}.Debug|Any CPU.ActiveCfg = Debug|Any CPU
		{1C01AD43-C924-4085-9A08-CFB19BAD8DB7}.Debug|Any CPU.Build.0 = Debug|Any CPU
		{1C01AD43-C924-4085-9A08-CFB19BAD8DB7}.Debug|ARM.ActiveCfg = Debug|Any CPU
		{1C01AD43-C924-4085-9A08-CFB19BAD8DB7}.Debug|ARM.Build.0 = Debug|Any CPU
		{1C01AD43-C924-4085-9A08-CFB19BAD8DB7}.Debug|x64.ActiveCfg = Debug|Any CPU
		{1C01AD43-C924-4085-9A08-CFB19BAD8DB7}.Debug|x64.Build.0 = Debug|Any CPU
		{1C01AD43-C924-4085-9A08-CFB19BAD8DB7}.Debug|x86.ActiveCfg = Debug|Any CPU
		{1C01AD43-C924-4085-9A08-CFB19BAD8DB7}.Debug|x86.Build.0 = Debug|Any CPU
		{1C01AD43-C924-4085-9A08-CFB19BAD8DB7}.Release|Any CPU.ActiveCfg = Release|Any CPU
		{1C01AD43-C924-4085-9A08-CFB19BAD8DB7}.Release|Any CPU.Build.0 = Release|Any CPU
		{1C01AD43-C924-4085-9A08-CFB19BAD8DB7}.Release|ARM.ActiveCfg = Release|Any CPU
		{1C01AD43-C924-4085-9A08-CFB19BAD8DB7}.Release|ARM.Build.0 = Release|Any CPU
		{1C01AD43-C924-4085-9A08-CFB19BAD8DB7}.Release|x64.ActiveCfg = Release|Any CPU
		{1C01AD43-C924-4085-9A08-CFB19BAD8DB7}.Release|x64.Build.0 = Release|Any CPU
		{1C01AD43-C924-4085-9A08-CFB19BAD8DB7}.Release|x86.ActiveCfg = Release|Any CPU
		{1C01AD43-C924-4085-9A08-CFB19BAD8DB7}.Release|x86.Build.0 = Release|Any CPU
		{CEDCFE29-ACFF-44B0-BB96-94290BB65B2E}.Debug|Any CPU.ActiveCfg = Debug|Any CPU
		{CEDCFE29-ACFF-44B0-BB96-94290BB65B2E}.Debug|Any CPU.Build.0 = Debug|Any CPU
		{CEDCFE29-ACFF-44B0-BB96-94290BB65B2E}.Debug|ARM.ActiveCfg = Debug|Any CPU
		{CEDCFE29-ACFF-44B0-BB96-94290BB65B2E}.Debug|ARM.Build.0 = Debug|Any CPU
		{CEDCFE29-ACFF-44B0-BB96-94290BB65B2E}.Debug|x64.ActiveCfg = Debug|Any CPU
		{CEDCFE29-ACFF-44B0-BB96-94290BB65B2E}.Debug|x64.Build.0 = Debug|Any CPU
		{CEDCFE29-ACFF-44B0-BB96-94290BB65B2E}.Debug|x86.ActiveCfg = Debug|Any CPU
		{CEDCFE29-ACFF-44B0-BB96-94290BB65B2E}.Debug|x86.Build.0 = Debug|Any CPU
		{CEDCFE29-ACFF-44B0-BB96-94290BB65B2E}.Release|Any CPU.ActiveCfg = Release|Any CPU
		{CEDCFE29-ACFF-44B0-BB96-94290BB65B2E}.Release|Any CPU.Build.0 = Release|Any CPU
		{CEDCFE29-ACFF-44B0-BB96-94290BB65B2E}.Release|ARM.ActiveCfg = Release|Any CPU
		{CEDCFE29-ACFF-44B0-BB96-94290BB65B2E}.Release|ARM.Build.0 = Release|Any CPU
		{CEDCFE29-ACFF-44B0-BB96-94290BB65B2E}.Release|x64.ActiveCfg = Release|Any CPU
		{CEDCFE29-ACFF-44B0-BB96-94290BB65B2E}.Release|x64.Build.0 = Release|Any CPU
		{CEDCFE29-ACFF-44B0-BB96-94290BB65B2E}.Release|x86.ActiveCfg = Release|Any CPU
		{CEDCFE29-ACFF-44B0-BB96-94290BB65B2E}.Release|x86.Build.0 = Release|Any CPU
	EndGlobalSection
	GlobalSection(SolutionProperties) = preSolution
		HideSolutionNode = FALSE
	EndGlobalSection
	GlobalSection(NestedProjects) = preSolution
		{28A0939F-269F-451B-93E5-E938FBB9B11A} = {18DEF7F0-5FE6-4013-8856-3EC21B48DFA8}
		{725895DE-B6EA-4C91-ADE3-26795C6BF04E} = {18DEF7F0-5FE6-4013-8856-3EC21B48DFA8}
		{D832893E-F2F2-4A28-8EFB-E881D141EA7D} = {18DEF7F0-5FE6-4013-8856-3EC21B48DFA8}
	EndGlobalSection
EndGlobal
